
Microsoft Visual Studio Solution File, Format Version 12.00
# Visual Studio Version 17
VisualStudioVersion = 17.12.35506.116 d17.12
MinimumVisualStudioVersion = 10.0.40219.1
Project("{FAE04EC0-301F-11D3-BF4B-00C04F79EFBC}") = "NewsProjectWithIdentity", "NewsProjectWithIdentity\NewsProjectWithIdentity\NewsProjectWithIdentity.csproj", "{9DCD31DC-4BFE-4AEB-8DD1-1D6D0E041509}"
EndProject
Project("{FAE04EC0-301F-11D3-BF4B-00C04F79EFBC}") = "NewsProjectWithIdentity.Client", "NewsProjectWithIdentity\NewsProjectWithIdentity.Client\NewsProjectWithIdentity.Client.csproj", "{644C788D-100C-434A-8780-5FF179BB51B4}"
EndProject
Project("{FAE04EC0-301F-11D3-BF4B-00C04F79EFBC}") = "NewsProjectWithIdentity.Shared", "NewsProjectWithIdentity.Shared\NewsProjectWithIdentity.Shared.csproj", "{15AA2599-06ED-43C7-B415-861262864A6E}"
EndProject
Global
	GlobalSection(SolutionConfigurationPlatforms) = preSolution
		Debug|Any CPU = Debug|Any CPU
		Release|Any CPU = Release|Any CPU
	EndGlobalSection
	GlobalSection(ProjectConfigurationPlatforms) = postSolution
		{9DCD31DC-4BFE-4AEB-8DD1-1D6D0E041509}.Debug|Any CPU.ActiveCfg = Debug|Any CPU
		{9DCD31DC-4BFE-4AEB-8DD1-1D6D0E041509}.Debug|Any CPU.Build.0 = Debug|Any CPU
		{9DCD31DC-4BFE-4AEB-8DD1-1D6D0E041509}.Release|Any CPU.ActiveCfg = Release|Any CPU
		{9DCD31DC-4BFE-4AEB-8DD1-1D6D0E041509}.Release|Any CPU.Build.0 = Release|Any CPU
		{644C788D-100C-434A-8780-5FF179BB51B4}.Debug|Any CPU.ActiveCfg = Debug|Any CPU
		{644C788D-100C-434A-8780-5FF179BB51B4}.Debug|Any CPU.Build.0 = Debug|Any CPU
		{644C788D-100C-434A-8780-5FF179BB51B4}.Release|Any CPU.ActiveCfg = Release|Any CPU
		{644C788D-100C-434A-8780-5FF179BB51B4}.Release|Any CPU.Build.0 = Release|Any CPU
		{15AA2599-06ED-43C7-B415-861262864A6E}.Debug|Any CPU.ActiveCfg = Debug|Any CPU
		{15AA2599-06ED-43C7-B415-861262864A6E}.Debug|Any CPU.Build.0 = Debug|Any CPU
		{15AA2599-06ED-43C7-B415-861262864A6E}.Release|Any CPU.ActiveCfg = Release|Any CPU
		{15AA2599-06ED-43C7-B415-861262864A6E}.Release|Any CPU.Build.0 = Release|Any CPU
	EndGlobalSection
	GlobalSection(SolutionProperties) = preSolution
		HideSolutionNode = FALSE
	EndGlobalSection
EndGlobal
